
Microsoft Visual Studio Solution File, Format Version 12.00
# Visual Studio 15
Project("{FAE04EC0-301F-11D3-BF4B-00C04F79EFBC}") = "Assembly-CSharp-Editor", "Assembly-CSharp-Editor.csproj", "{A690CAC4-E5CA-D53E-1FA3-1192E42CF522}"
EndProject
Project("{FAE04EC0-301F-11D3-BF4B-00C04F79EFBC}") = "Assembly-CSharp", "Assembly-CSharp.csproj", "{F56E2C40-C9E2-ADD6-BC7F-1122189F34DD}"
EndProject
Global
	GlobalSection(SolutionConfigurationPlatforms) = preSolution
		Debug|Any CPU = Debug|Any CPU
		Release|Any CPU = Release|Any CPU
	EndGlobalSection
	GlobalSection(ProjectConfigurationPlatforms) = postSolution
		{A690CAC4-E5CA-D53E-1FA3-1192E42CF522}.Debug|Any CPU.ActiveCfg = Debug|Any CPU
		{A690CAC4-E5CA-D53E-1FA3-1192E42CF522}.Debug|Any CPU.Build.0 = Debug|Any CPU
		{A690CAC4-E5CA-D53E-1FA3-1192E42CF522}.Release|Any CPU.ActiveCfg = Release|Any CPU
		{A690CAC4-E5CA-D53E-1FA3-1192E42CF522}.Release|Any CPU.Build.0 = Release|Any CPU
		{F56E2C40-C9E2-ADD6-BC7F-1122189F34DD}.Debug|Any CPU.ActiveCfg = Debug|Any CPU
		{F56E2C40-C9E2-ADD6-BC7F-1122189F34DD}.Debug|Any CPU.Build.0 = Debug|Any CPU
		{F56E2C40-C9E2-ADD6-BC7F-1122189F34DD}.Release|Any CPU.ActiveCfg = Release|Any CPU
		{F56E2C40-C9E2-ADD6-BC7F-1122189F34DD}.Release|Any CPU.Build.0 = Release|Any CPU
	EndGlobalSection
	GlobalSection(SolutionProperties) = preSolution
		HideSolutionNode = FALSE
	EndGlobalSection
EndGlobal
